
Microsoft Visual Studio Solution File, Format Version 12.00
# Visual Studio Version 16
VisualStudioVersion = 16.0.30907.101
MinimumVisualStudioVersion = 10.0.40219.1
Project("{8BC9CEB8-8B4A-11D0-8D11-00A0C91BC942}") = "MS5", "MS5.vcxproj", "{4C3FC8C5-5037-442B-9658-36106AAC9B4C}"
EndProject
Global
	GlobalSection(SolutionConfigurationPlatforms) = preSolution
		Debug|x64 = Debug|x64
		Debug|x86 = Debug|x86
		Release|x64 = Release|x64
		Release|x86 = Release|x86
	EndGlobalSection
	GlobalSection(ProjectConfigurationPlatforms) = postSolution
		{4C3FC8C5-5037-442B-9658-36106AAC9B4C}.Debug|x64.ActiveCfg = Debug|x64
		{4C3FC8C5-5037-442B-9658-36106AAC9B4C}.Debug|x64.Build.0 = Debug|x64
		{4C3FC8C5-5037-442B-9658-36106AAC9B4C}.Debug|x86.ActiveCfg = Debug|Win32
		{4C3FC8C5-5037-442B-9658-36106AAC9B4C}.Debug|x86.Build.0 = Debug|Win32
		{4C3FC8C5-5037-442B-9658-36106AAC9B4C}.Release|x64.ActiveCfg = Release|x64
		{4C3FC8C5-5037-442B-9658-36106AAC9B4C}.Release|x64.Build.0 = Release|x64
		{4C3FC8C5-5037-442B-9658-36106AAC9B4C}.Release|x86.ActiveCfg = Release|Win32
		{4C3FC8C5-5037-442B-9658-36106AAC9B4C}.Release|x86.Build.0 = Release|Win32
	EndGlobalSection
	GlobalSection(SolutionProperties) = preSolution
		HideSolutionNode = FALSE
	EndGlobalSection
	GlobalSection(ExtensibilityGlobals) = postSolution
		SolutionGuid = {CFEC5858-9853-4232-8E97-C107C625BD5E}
	EndGlobalSection
EndGlobal
